
Microsoft Visual Studio Solution File, Format Version 12.00
# Visual Studio Version 17
VisualStudioVersion = 17.1.32228.430
MinimumVisualStudioVersion = 10.0.40219.1
Project("{8BC9CEB8-8B4A-11D0-8D11-00A0C91BC942}") = "Divide and conquer", "Divide and conquer\Divide and conquer.vcxproj", "{34A5AFFB-3828-4AC3-80A9-9EBEF900B5A7}"
EndProject
Global
	GlobalSection(SolutionConfigurationPlatforms) = preSolution
		Debug|x64 = Debug|x64
		Debug|x86 = Debug|x86
		Release|x64 = Release|x64
		Release|x86 = Release|x86
	EndGlobalSection
	GlobalSection(ProjectConfigurationPlatforms) = postSolution
		{34A5AFFB-3828-4AC3-80A9-9EBEF900B5A7}.Debug|x64.ActiveCfg = Debug|x64
		{34A5AFFB-3828-4AC3-80A9-9EBEF900B5A7}.Debug|x64.Build.0 = Debug|x64
		{34A5AFFB-3828-4AC3-80A9-9EBEF900B5A7}.Debug|x86.ActiveCfg = Debug|Win32
		{34A5AFFB-3828-4AC3-80A9-9EBEF900B5A7}.Debug|x86.Build.0 = Debug|Win32
		{34A5AFFB-3828-4AC3-80A9-9EBEF900B5A7}.Release|x64.ActiveCfg = Release|x64
		{34A5AFFB-3828-4AC3-80A9-9EBEF900B5A7}.Release|x64.Build.0 = Release|x64
		{34A5AFFB-3828-4AC3-80A9-9EBEF900B5A7}.Release|x86.ActiveCfg = Release|Win32
		{34A5AFFB-3828-4AC3-80A9-9EBEF900B5A7}.Release|x86.Build.0 = Release|Win32
	EndGlobalSection
	GlobalSection(SolutionProperties) = preSolution
		HideSolutionNode = FALSE
	EndGlobalSection
	GlobalSection(ExtensibilityGlobals) = postSolution
		SolutionGuid = {12D836EC-E4B3-494D-AA3D-E175DD1AAACE}
	EndGlobalSection
EndGlobal
